<Solution>
  <Project Path="../../../../../source/repos/CyberSecurityChatBot - ST10486811/CyberSecurityChatbot_GUI/CyberSecurityChatbot_GUI.csproj" Id="9c39520d-ffac-4d7f-9296-0c5befc9ac59" />
  <Project Path="CyberSecurity ChatBot POE - ST10486811/CyberSecurity ChatBot POE - ST10486811.csproj" Id="0ff75f03-665a-4ac0-ba25-41d7747b11b9" />
</Solution>
